
Microsoft Visual Studio Solution File, Format Version 12.00
# Visual Studio 15
VisualStudioVersion = 15.0.28010.0
MinimumVisualStudioVersion = 10.0.40219.1
Project("{9A19103F-16F7-4668-BE54-9A1E7A4F7556}") = "DotNet.RaspberryPi.App3", "DotNet.RaspberryPi.App3.csproj", "{6AE6E158-70C1-4A10-89A3-40D80C54E6F1}"
EndProject
Global
	GlobalSection(SolutionConfigurationPlatforms) = preSolution
		Debug|Any CPU = Debug|Any CPU
		Release|Any CPU = Release|Any CPU
	EndGlobalSection
	GlobalSection(ProjectConfigurationPlatforms) = postSolution
		{6AE6E158-70C1-4A10-89A3-40D80C54E6F1}.Debug|Any CPU.ActiveCfg = Debug|Any CPU
		{6AE6E158-70C1-4A10-89A3-40D80C54E6F1}.Debug|Any CPU.Build.0 = Debug|Any CPU
		{6AE6E158-70C1-4A10-89A3-40D80C54E6F1}.Release|Any CPU.ActiveCfg = Release|Any CPU
		{6AE6E158-70C1-4A10-89A3-40D80C54E6F1}.Release|Any CPU.Build.0 = Release|Any CPU
	EndGlobalSection
	GlobalSection(SolutionProperties) = preSolution
		HideSolutionNode = FALSE
	EndGlobalSection
	GlobalSection(ExtensibilityGlobals) = postSolution
		SolutionGuid = {A4A104B7-6979-485A-BAFB-FFF7B9D9D8FD}
	EndGlobalSection
EndGlobal
